
Microsoft Visual Studio Solution File, Format Version 12.00
# Visual Studio Version 16
VisualStudioVersion = 16.0.30717.126
MinimumVisualStudioVersion = 10.0.40219.1
Project("{FAE04EC0-301F-11D3-BF4B-00C04F79EFBC}") = "CapaDeDatos", "CapaDeDatos\CapaDeDatos.csproj", "{C668F8B6-4B6B-47C6-8C91-08D1E642586B}"
EndProject
Project("{FAE04EC0-301F-11D3-BF4B-00C04F79EFBC}") = "CapaDeNegocio", "CapaDeNegocio\CapaDeNegocio.csproj", "{E49AE1E9-2CF5-450E-8206-3D9FA0E48BA2}"
EndProject
Project("{FAE04EC0-301F-11D3-BF4B-00C04F79EFBC}") = "CapaDeModelo", "CapaDeModelo\CapaDeModelo.csproj", "{7A35AD2A-DFFC-4AA9-BF54-1533E264F52F}"
EndProject
Project("{FAE04EC0-301F-11D3-BF4B-00C04F79EFBC}") = "CapaDePresentacion", "CapaDePresentacion\CapaDePresentacion.csproj", "{8DCCE082-0D80-4397-B2C5-FC178B57F039}"
EndProject
Global
	GlobalSection(SolutionConfigurationPlatforms) = preSolution
		Debug|Any CPU = Debug|Any CPU
		Release|Any CPU = Release|Any CPU
	EndGlobalSection
	GlobalSection(ProjectConfigurationPlatforms) = postSolution
		{C668F8B6-4B6B-47C6-8C91-08D1E642586B}.Debug|Any CPU.ActiveCfg = Debug|Any CPU
		{C668F8B6-4B6B-47C6-8C91-08D1E642586B}.Debug|Any CPU.Build.0 = Debug|Any CPU
		{C668F8B6-4B6B-47C6-8C91-08D1E642586B}.Release|Any CPU.ActiveCfg = Release|Any CPU
		{C668F8B6-4B6B-47C6-8C91-08D1E642586B}.Release|Any CPU.Build.0 = Release|Any CPU
		{E49AE1E9-2CF5-450E-8206-3D9FA0E48BA2}.Debug|Any CPU.ActiveCfg = Debug|Any CPU
		{E49AE1E9-2CF5-450E-8206-3D9FA0E48BA2}.Debug|Any CPU.Build.0 = Debug|Any CPU
		{E49AE1E9-2CF5-450E-8206-3D9FA0E48BA2}.Release|Any CPU.ActiveCfg = Release|Any CPU
		{E49AE1E9-2CF5-450E-8206-3D9FA0E48BA2}.Release|Any CPU.Build.0 = Release|Any CPU
		{7A35AD2A-DFFC-4AA9-BF54-1533E264F52F}.Debug|Any CPU.ActiveCfg = Debug|Any CPU
		{7A35AD2A-DFFC-4AA9-BF54-1533E264F52F}.Debug|Any CPU.Build.0 = Debug|Any CPU
		{7A35AD2A-DFFC-4AA9-BF54-1533E264F52F}.Release|Any CPU.ActiveCfg = Release|Any CPU
		{7A35AD2A-DFFC-4AA9-BF54-1533E264F52F}.Release|Any CPU.Build.0 = Release|Any CPU
		{8DCCE082-0D80-4397-B2C5-FC178B57F039}.Debug|Any CPU.ActiveCfg = Debug|Any CPU
		{8DCCE082-0D80-4397-B2C5-FC178B57F039}.Debug|Any CPU.Build.0 = Debug|Any CPU
		{8DCCE082-0D80-4397-B2C5-FC178B57F039}.Release|Any CPU.ActiveCfg = Release|Any CPU
		{8DCCE082-0D80-4397-B2C5-FC178B57F039}.Release|Any CPU.Build.0 = Release|Any CPU
	EndGlobalSection
	GlobalSection(SolutionProperties) = preSolution
		HideSolutionNode = FALSE
	EndGlobalSection
	GlobalSection(ExtensibilityGlobals) = postSolution
		SolutionGuid = {61441709-7C8C-45D3-85DD-31EB779C129B}
	EndGlobalSection
EndGlobal
